
Microsoft Visual Studio Solution File, Format Version 12.00
# Visual Studio Version 17
VisualStudioVersion = 17.7.34031.279
MinimumVisualStudioVersion = 10.0.40219.1
Project("{9A19103F-16F7-4668-BE54-9A1E7A4F7556}") = "Server", "ISLab2\Server.csproj", "{03DA48D6-065A-4FF4-B80E-8D5260A0BD43}"
EndProject
Project("{9A19103F-16F7-4668-BE54-9A1E7A4F7556}") = "Client", "Client\Client.csproj", "{E40137E4-9059-4E71-95B9-1CE6FE2A1254}"
EndProject
Project("{FAE04EC0-301F-11D3-BF4B-00C04F79EFBC}") = "ClientWPF6", "ClientWPF6\ClientWPF6.csproj", "{C8938AAD-2156-46BA-9471-943885714DF6}"
EndProject
Global
	GlobalSection(SolutionConfigurationPlatforms) = preSolution
		Debug|Any CPU = Debug|Any CPU
		Release|Any CPU = Release|Any CPU
	EndGlobalSection
	GlobalSection(ProjectConfigurationPlatforms) = postSolution
		{03DA48D6-065A-4FF4-B80E-8D5260A0BD43}.Debug|Any CPU.ActiveCfg = Debug|Any CPU
		{03DA48D6-065A-4FF4-B80E-8D5260A0BD43}.Debug|Any CPU.Build.0 = Debug|Any CPU
		{03DA48D6-065A-4FF4-B80E-8D5260A0BD43}.Release|Any CPU.ActiveCfg = Release|Any CPU
		{03DA48D6-065A-4FF4-B80E-8D5260A0BD43}.Release|Any CPU.Build.0 = Release|Any CPU
		{E40137E4-9059-4E71-95B9-1CE6FE2A1254}.Debug|Any CPU.ActiveCfg = Debug|Any CPU
		{E40137E4-9059-4E71-95B9-1CE6FE2A1254}.Debug|Any CPU.Build.0 = Debug|Any CPU
		{E40137E4-9059-4E71-95B9-1CE6FE2A1254}.Release|Any CPU.ActiveCfg = Release|Any CPU
		{E40137E4-9059-4E71-95B9-1CE6FE2A1254}.Release|Any CPU.Build.0 = Release|Any CPU
		{C8938AAD-2156-46BA-9471-943885714DF6}.Debug|Any CPU.ActiveCfg = Debug|Any CPU
		{C8938AAD-2156-46BA-9471-943885714DF6}.Debug|Any CPU.Build.0 = Debug|Any CPU
		{C8938AAD-2156-46BA-9471-943885714DF6}.Release|Any CPU.ActiveCfg = Release|Any CPU
		{C8938AAD-2156-46BA-9471-943885714DF6}.Release|Any CPU.Build.0 = Release|Any CPU
	EndGlobalSection
	GlobalSection(SolutionProperties) = preSolution
		HideSolutionNode = FALSE
	EndGlobalSection
	GlobalSection(ExtensibilityGlobals) = postSolution
		SolutionGuid = {222DD764-E2B4-42AC-BE83-95400CD5B4CC}
	EndGlobalSection
EndGlobal
