
Microsoft Visual Studio Solution File, Format Version 12.00
# Visual Studio Version 17
VisualStudioVersion = 17.2.32526.322
MinimumVisualStudioVersion = 10.0.40219.1
Project("{FAE04EC0-301F-11D3-BF4B-00C04F79EFBC}") = "ISTheoryLab1", "ISTheoryLab1.csproj", "{CEFDB6CD-99D4-4269-A9C5-E7ED5B53C70A}"
EndProject
Global
	GlobalSection(SolutionConfigurationPlatforms) = preSolution
		Debug|Any CPU = Debug|Any CPU
		Release|Any CPU = Release|Any CPU
	EndGlobalSection
	GlobalSection(ProjectConfigurationPlatforms) = postSolution
		{CEFDB6CD-99D4-4269-A9C5-E7ED5B53C70A}.Debug|Any CPU.ActiveCfg = Debug|Any CPU
		{CEFDB6CD-99D4-4269-A9C5-E7ED5B53C70A}.Debug|Any CPU.Build.0 = Debug|Any CPU
		{CEFDB6CD-99D4-4269-A9C5-E7ED5B53C70A}.Release|Any CPU.ActiveCfg = Release|Any CPU
		{CEFDB6CD-99D4-4269-A9C5-E7ED5B53C70A}.Release|Any CPU.Build.0 = Release|Any CPU
	EndGlobalSection
	GlobalSection(SolutionProperties) = preSolution
		HideSolutionNode = FALSE
	EndGlobalSection
	GlobalSection(ExtensibilityGlobals) = postSolution
		SolutionGuid = {777313DC-9670-4525-89BC-E2ABE0039C55}
	EndGlobalSection
EndGlobal
