
Microsoft Visual Studio Solution File, Format Version 12.00
# Visual Studio Version 17
VisualStudioVersion = 17.7.34031.279
MinimumVisualStudioVersion = 10.0.40219.1
Project("{FAE04EC0-301F-11D3-BF4B-00C04F79EFBC}") = "TestClient", "TestClient.csproj", "{C8836591-ACEA-46FC-ABD9-D735AEAECB6A}"
EndProject
Project("{FAE04EC0-301F-11D3-BF4B-00C04F79EFBC}") = "TestServer", "..\TestServer\TestServer.csproj", "{4163E0FD-2775-41EE-8074-265EE728BFC5}"
EndProject
Global
	GlobalSection(SolutionConfigurationPlatforms) = preSolution
		Debug|Any CPU = Debug|Any CPU
		Release|Any CPU = Release|Any CPU
	EndGlobalSection
	GlobalSection(ProjectConfigurationPlatforms) = postSolution
		{C8836591-ACEA-46FC-ABD9-D735AEAECB6A}.Debug|Any CPU.ActiveCfg = Debug|Any CPU
		{C8836591-ACEA-46FC-ABD9-D735AEAECB6A}.Debug|Any CPU.Build.0 = Debug|Any CPU
		{C8836591-ACEA-46FC-ABD9-D735AEAECB6A}.Release|Any CPU.ActiveCfg = Release|Any CPU
		{C8836591-ACEA-46FC-ABD9-D735AEAECB6A}.Release|Any CPU.Build.0 = Release|Any CPU
		{4163E0FD-2775-41EE-8074-265EE728BFC5}.Debug|Any CPU.ActiveCfg = Debug|Any CPU
		{4163E0FD-2775-41EE-8074-265EE728BFC5}.Debug|Any CPU.Build.0 = Debug|Any CPU
		{4163E0FD-2775-41EE-8074-265EE728BFC5}.Release|Any CPU.ActiveCfg = Release|Any CPU
		{4163E0FD-2775-41EE-8074-265EE728BFC5}.Release|Any CPU.Build.0 = Release|Any CPU
	EndGlobalSection
	GlobalSection(SolutionProperties) = preSolution
		HideSolutionNode = FALSE
	EndGlobalSection
	GlobalSection(ExtensibilityGlobals) = postSolution
		SolutionGuid = {399258CA-148B-4D04-BEFD-223E611CB9E8}
	EndGlobalSection
EndGlobal
